
Microsoft Visual Studio Solution File, Format Version 12.00
# Visual Studio Version 18
VisualStudioVersion = 18.3.11218.70
MinimumVisualStudioVersion = 10.0.40219.1
Project("{2150E333-8FDC-42A3-9474-1A3956D46DE8}") = "src", "src", "{827E0CD3-B72D-47B6-A68D-7590B98EB39B}"
EndProject
Project("{FAE04EC0-301F-11D3-BF4B-00C04F79EFBC}") = "Fcg.User.Domain", "src\Fcg.User.Domain\Fcg.User.Domain.csproj", "{D08FB637-BB2D-43E9-8DB0-6585F316AFC7}"
EndProject
Project("{FAE04EC0-301F-11D3-BF4B-00C04F79EFBC}") = "Fcg.User.Application", "src\Fcg.User.Application\Fcg.User.Application.csproj", "{2A946A93-5137-46C5-8F00-7DABBF1DB681}"
EndProject
Project("{FAE04EC0-301F-11D3-BF4B-00C04F79EFBC}") = "Fcg.User.Infra", "src\Fcg.User.Infra\Fcg.User.Infra.csproj", "{A947D4AB-E1A0-47F0-BC05-813080E220EF}"
EndProject
Project("{FAE04EC0-301F-11D3-BF4B-00C04F79EFBC}") = "Fcg.User.Web", "src\Fcg.User.Web\Fcg.User.Web.csproj", "{2D1E887A-2A2A-4757-80B9-16ADC6162185}"
EndProject
Project("{2150E333-8FDC-42A3-9474-1A3956D46DE8}") = "tests", "tests", "{0AB3BF05-4346-4AA6-1389-037BE0695223}"
EndProject
Project("{FAE04EC0-301F-11D3-BF4B-00C04F79EFBC}") = "Fcg.User.Tests", "tests\Fcg.User.Tests\Fcg.User.Tests.csproj", "{D1968681-8FB3-4AB5-94A4-4F9A9D298C22}"
EndProject
Project("{FAE04EC0-301F-11D3-BF4B-00C04F79EFBC}") = "Fcg.User.Common", "src\Fcg.User.Common\Fcg.User.Common.csproj", "{0B2429B0-DEDB-4FCA-8760-916D02026487}"
EndProject
Project("{FAE04EC0-301F-11D3-BF4B-00C04F79EFBC}") = "Fcg.User.Proxy.Auth", "src\Fcg.User.Proxy.Auth\Fcg.User.Proxy.Auth.csproj", "{4B2EC4BE-91B3-4883-B743-45284EB511CC}"
EndProject
Project("{FAE04EC0-301F-11D3-BF4B-00C04F79EFBC}") = "Fcg.User.Proxy.Games", "src\Fcg.User.Proxy.Games\Fcg.User.Proxy.Games.csproj", "{A699E166-B288-4F7C-9AE5-A96EB4DFAD0F}"
EndProject
Project("{FAE04EC0-301F-11D3-BF4B-00C04F79EFBC}") = "Fcg.User.Proxy.Payment", "src\Fcg.User.Proxy.Payment\Fcg.User.Proxy.Payment.csproj", "{B80B2903-F5FE-4CDB-AAD3-DD459CCA9229}"
EndProject
Global
	GlobalSection(SolutionConfigurationPlatforms) = preSolution
		Debug|Any CPU = Debug|Any CPU
		Debug|x64 = Debug|x64
		Debug|x86 = Debug|x86
		Release|Any CPU = Release|Any CPU
		Release|x64 = Release|x64
		Release|x86 = Release|x86
	EndGlobalSection
	GlobalSection(ProjectConfigurationPlatforms) = postSolution
		{D08FB637-BB2D-43E9-8DB0-6585F316AFC7}.Debug|Any CPU.ActiveCfg = Debug|Any CPU
		{D08FB637-BB2D-43E9-8DB0-6585F316AFC7}.Debug|Any CPU.Build.0 = Debug|Any CPU
		{D08FB637-BB2D-43E9-8DB0-6585F316AFC7}.Debug|x64.ActiveCfg = Debug|Any CPU
		{D08FB637-BB2D-43E9-8DB0-6585F316AFC7}.Debug|x64.Build.0 = Debug|Any CPU
		{D08FB637-BB2D-43E9-8DB0-6585F316AFC7}.Debug|x86.ActiveCfg = Debug|Any CPU
		{D08FB637-BB2D-43E9-8DB0-6585F316AFC7}.Debug|x86.Build.0 = Debug|Any CPU
		{D08FB637-BB2D-43E9-8DB0-6585F316AFC7}.Release|Any CPU.ActiveCfg = Release|Any CPU
		{D08FB637-BB2D-43E9-8DB0-6585F316AFC7}.Release|Any CPU.Build.0 = Release|Any CPU
		{D08FB637-BB2D-43E9-8DB0-6585F316AFC7}.Release|x64.ActiveCfg = Release|Any CPU
		{D08FB637-BB2D-43E9-8DB0-6585F316AFC7}.Release|x64.Build.0 = Release|Any CPU
		{D08FB637-BB2D-43E9-8DB0-6585F316AFC7}.Release|x86.ActiveCfg = Release|Any CPU
		{D08FB637-BB2D-43E9-8DB0-6585F316AFC7}.Release|x86.Build.0 = Release|Any CPU
		{2A946A93-5137-46C5-8F00-7DABBF1DB681}.Debug|Any CPU.ActiveCfg = Debug|Any CPU
		{2A946A93-5137-46C5-8F00-7DABBF1DB681}.Debug|Any CPU.Build.0 = Debug|Any CPU
		{2A946A93-5137-46C5-8F00-7DABBF1DB681}.Debug|x64.ActiveCfg = Debug|Any CPU
		{2A946A93-5137-46C5-8F00-7DABBF1DB681}.Debug|x64.Build.0 = Debug|Any CPU
		{2A946A93-5137-46C5-8F00-7DABBF1DB681}.Debug|x86.ActiveCfg = Debug|Any CPU
		{2A946A93-5137-46C5-8F00-7DABBF1DB681}.Debug|x86.Build.0 = Debug|Any CPU
		{2A946A93-5137-46C5-8F00-7DABBF1DB681}.Release|Any CPU.ActiveCfg = Release|Any CPU
		{2A946A93-5137-46C5-8F00-7DABBF1DB681}.Release|Any CPU.Build.0 = Release|Any CPU
		{2A946A93-5137-46C5-8F00-7DABBF1DB681}.Release|x64.ActiveCfg = Release|Any CPU
		{2A946A93-5137-46C5-8F00-7DABBF1DB681}.Release|x64.Build.0 = Release|Any CPU
		{2A946A93-5137-46C5-8F00-7DABBF1DB681}.Release|x86.ActiveCfg = Release|Any CPU
		{2A946A93-5137-46C5-8F00-7DABBF1DB681}.Release|x86.Build.0 = Release|Any CPU
		{A947D4AB-E1A0-47F0-BC05-813080E220EF}.Debug|Any CPU.ActiveCfg = Debug|Any CPU
		{A947D4AB-E1A0-47F0-BC05-813080E220EF}.Debug|Any CPU.Build.0 = Debug|Any CPU
		{A947D4AB-E1A0-47F0-BC05-813080E220EF}.Debug|x64.ActiveCfg = Debug|Any CPU
		{A947D4AB-E1A0-47F0-BC05-813080E220EF}.Debug|x64.Build.0 = Debug|Any CPU
		{A947D4AB-E1A0-47F0-BC05-813080E220EF}.Debug|x86.ActiveCfg = Debug|Any CPU
		{A947D4AB-E1A0-47F0-BC05-813080E220EF}.Debug|x86.Build.0 = Debug|Any CPU
		{A947D4AB-E1A0-47F0-BC05-813080E220EF}.Release|Any CPU.ActiveCfg = Release|Any CPU
		{A947D4AB-E1A0-47F0-BC05-813080E220EF}.Release|Any CPU.Build.0 = Release|Any CPU
		{A947D4AB-E1A0-47F0-BC05-813080E220EF}.Release|x64.ActiveCfg = Release|Any CPU
		{A947D4AB-E1A0-47F0-BC05-813080E220EF}.Release|x64.Build.0 = Release|Any CPU
		{A947D4AB-E1A0-47F0-BC05-813080E220EF}.Release|x86.ActiveCfg = Release|Any CPU
		{A947D4AB-E1A0-47F0-BC05-813080E220EF}.Release|x86.Build.0 = Release|Any CPU
		{2D1E887A-2A2A-4757-80B9-16ADC6162185}.Debug|Any CPU.ActiveCfg = Debug|Any CPU
		{2D1E887A-2A2A-4757-80B9-16ADC6162185}.Debug|Any CPU.Build.0 = Debug|Any CPU
		{2D1E887A-2A2A-4757-80B9-16ADC6162185}.Debug|x64.ActiveCfg = Debug|Any CPU
		{2D1E887A-2A2A-4757-80B9-16ADC6162185}.Debug|x64.Build.0 = Debug|Any CPU
		{2D1E887A-2A2A-4757-80B9-16ADC6162185}.Debug|x86.ActiveCfg = Debug|Any CPU
		{2D1E887A-2A2A-4757-80B9-16ADC6162185}.Debug|x86.Build.0 = Debug|Any CPU
		{2D1E887A-2A2A-4757-80B9-16ADC6162185}.Release|Any CPU.ActiveCfg = Release|Any CPU
		{2D1E887A-2A2A-4757-80B9-16ADC6162185}.Release|Any CPU.Build.0 = Release|Any CPU
		{2D1E887A-2A2A-4757-80B9-16ADC6162185}.Release|x64.ActiveCfg = Release|Any CPU
		{2D1E887A-2A2A-4757-80B9-16ADC6162185}.Release|x64.Build.0 = Release|Any CPU
		{2D1E887A-2A2A-4757-80B9-16ADC6162185}.Release|x86.ActiveCfg = Release|Any CPU
		{2D1E887A-2A2A-4757-80B9-16ADC6162185}.Release|x86.Build.0 = Release|Any CPU
		{D1968681-8FB3-4AB5-94A4-4F9A9D298C22}.Debug|Any CPU.ActiveCfg = Debug|Any CPU
		{D1968681-8FB3-4AB5-94A4-4F9A9D298C22}.Debug|Any CPU.Build.0 = Debug|Any CPU
		{D1968681-8FB3-4AB5-94A4-4F9A9D298C22}.Debug|x64.ActiveCfg = Debug|Any CPU
		{D1968681-8FB3-4AB5-94A4-4F9A9D298C22}.Debug|x64.Build.0 = Debug|Any CPU
		{D1968681-8FB3-4AB5-94A4-4F9A9D298C22}.Debug|x86.ActiveCfg = Debug|Any CPU
		{D1968681-8FB3-4AB5-94A4-4F9A9D298C22}.Debug|x86.Build.0 = Debug|Any CPU
		{D1968681-8FB3-4AB5-94A4-4F9A9D298C22}.Release|Any CPU.ActiveCfg = Release|Any CPU
		{D1968681-8FB3-4AB5-94A4-4F9A9D298C22}.Release|Any CPU.Build.0 = Release|Any CPU
		{D1968681-8FB3-4AB5-94A4-4F9A9D298C22}.Release|x64.ActiveCfg = Release|Any CPU
		{D1968681-8FB3-4AB5-94A4-4F9A9D298C22}.Release|x64.Build.0 = Release|Any CPU
		{D1968681-8FB3-4AB5-94A4-4F9A9D298C22}.Release|x86.ActiveCfg = Release|Any CPU
		{D1968681-8FB3-4AB5-94A4-4F9A9D298C22}.Release|x86.Build.0 = Release|Any CPU
		{0B2429B0-DEDB-4FCA-8760-916D02026487}.Debug|Any CPU.ActiveCfg = Debug|Any CPU
		{0B2429B0-DEDB-4FCA-8760-916D02026487}.Debug|Any CPU.Build.0 = Debug|Any CPU
		{0B2429B0-DEDB-4FCA-8760-916D02026487}.Debug|x64.ActiveCfg = Debug|Any CPU
		{0B2429B0-DEDB-4FCA-8760-916D02026487}.Debug|x64.Build.0 = Debug|Any CPU
		{0B2429B0-DEDB-4FCA-8760-916D02026487}.Debug|x86.ActiveCfg = Debug|Any CPU
		{0B2429B0-DEDB-4FCA-8760-916D02026487}.Debug|x86.Build.0 = Debug|Any CPU
		{0B2429B0-DEDB-4FCA-8760-916D02026487}.Release|Any CPU.ActiveCfg = Release|Any CPU
		{0B2429B0-DEDB-4FCA-8760-916D02026487}.Release|Any CPU.Build.0 = Release|Any CPU
		{0B2429B0-DEDB-4FCA-8760-916D02026487}.Release|x64.ActiveCfg = Release|Any CPU
		{0B2429B0-DEDB-4FCA-8760-916D02026487}.Release|x64.Build.0 = Release|Any CPU
		{0B2429B0-DEDB-4FCA-8760-916D02026487}.Release|x86.ActiveCfg = Release|Any CPU
		{0B2429B0-DEDB-4FCA-8760-916D02026487}.Release|x86.Build.0 = Release|Any CPU
		{4B2EC4BE-91B3-4883-B743-45284EB511CC}.Debug|Any CPU.ActiveCfg = Debug|Any CPU
		{4B2EC4BE-91B3-4883-B743-45284EB511CC}.Debug|Any CPU.Build.0 = Debug|Any CPU
		{4B2EC4BE-91B3-4883-B743-45284EB511CC}.Debug|x64.ActiveCfg = Debug|Any CPU
		{4B2EC4BE-91B3-4883-B743-45284EB511CC}.Debug|x64.Build.0 = Debug|Any CPU
		{4B2EC4BE-91B3-4883-B743-45284EB511CC}.Debug|x86.ActiveCfg = Debug|Any CPU
		{4B2EC4BE-91B3-4883-B743-45284EB511CC}.Debug|x86.Build.0 = Debug|Any CPU
		{4B2EC4BE-91B3-4883-B743-45284EB511CC}.Release|Any CPU.ActiveCfg = Release|Any CPU
		{4B2EC4BE-91B3-4883-B743-45284EB511CC}.Release|Any CPU.Build.0 = Release|Any CPU
		{4B2EC4BE-91B3-4883-B743-45284EB511CC}.Release|x64.ActiveCfg = Release|Any CPU
		{4B2EC4BE-91B3-4883-B743-45284EB511CC}.Release|x64.Build.0 = Release|Any CPU
		{4B2EC4BE-91B3-4883-B743-45284EB511CC}.Release|x86.ActiveCfg = Release|Any CPU
		{4B2EC4BE-91B3-4883-B743-45284EB511CC}.Release|x86.Build.0 = Release|Any CPU
		{A699E166-B288-4F7C-9AE5-A96EB4DFAD0F}.Debug|Any CPU.ActiveCfg = Debug|Any CPU
		{A699E166-B288-4F7C-9AE5-A96EB4DFAD0F}.Debug|Any CPU.Build.0 = Debug|Any CPU
		{A699E166-B288-4F7C-9AE5-A96EB4DFAD0F}.Debug|x64.ActiveCfg = Debug|Any CPU
		{A699E166-B288-4F7C-9AE5-A96EB4DFAD0F}.Debug|x64.Build.0 = Debug|Any CPU
		{A699E166-B288-4F7C-9AE5-A96EB4DFAD0F}.Debug|x86.ActiveCfg = Debug|Any CPU
		{A699E166-B288-4F7C-9AE5-A96EB4DFAD0F}.Debug|x86.Build.0 = Debug|Any CPU
		{A699E166-B288-4F7C-9AE5-A96EB4DFAD0F}.Release|Any CPU.ActiveCfg = Release|Any CPU
		{A699E166-B288-4F7C-9AE5-A96EB4DFAD0F}.Release|Any CPU.Build.0 = Release|Any CPU
		{A699E166-B288-4F7C-9AE5-A96EB4DFAD0F}.Release|x64.ActiveCfg = Release|Any CPU
		{A699E166-B288-4F7C-9AE5-A96EB4DFAD0F}.Release|x64.Build.0 = Release|Any CPU
		{A699E166-B288-4F7C-9AE5-A96EB4DFAD0F}.Release|x86.ActiveCfg = Release|Any CPU
		{A699E166-B288-4F7C-9AE5-A96EB4DFAD0F}.Release|x86.Build.0 = Release|Any CPU
		{B80B2903-F5FE-4CDB-AAD3-DD459CCA9229}.Debug|Any CPU.ActiveCfg = Debug|Any CPU
		{B80B2903-F5FE-4CDB-AAD3-DD459CCA9229}.Debug|Any CPU.Build.0 = Debug|Any CPU
		{B80B2903-F5FE-4CDB-AAD3-DD459CCA9229}.Debug|x64.ActiveCfg = Debug|Any CPU
		{B80B2903-F5FE-4CDB-AAD3-DD459CCA9229}.Debug|x64.Build.0 = Debug|Any CPU
		{B80B2903-F5FE-4CDB-AAD3-DD459CCA9229}.Debug|x86.ActiveCfg = Debug|Any CPU
		{B80B2903-F5FE-4CDB-AAD3-DD459CCA9229}.Debug|x86.Build.0 = Debug|Any CPU
		{B80B2903-F5FE-4CDB-AAD3-DD459CCA9229}.Release|Any CPU.ActiveCfg = Release|Any CPU
		{B80B2903-F5FE-4CDB-AAD3-DD459CCA9229}.Release|Any CPU.Build.0 = Release|Any CPU
		{B80B2903-F5FE-4CDB-AAD3-DD459CCA9229}.Release|x64.ActiveCfg = Release|Any CPU
		{B80B2903-F5FE-4CDB-AAD3-DD459CCA9229}.Release|x64.Build.0 = Release|Any CPU
		{B80B2903-F5FE-4CDB-AAD3-DD459CCA9229}.Release|x86.ActiveCfg = Release|Any CPU
		{B80B2903-F5FE-4CDB-AAD3-DD459CCA9229}.Release|x86.Build.0 = Release|Any CPU
	EndGlobalSection
	GlobalSection(SolutionProperties) = preSolution
		HideSolutionNode = FALSE
	EndGlobalSection
	GlobalSection(NestedProjects) = preSolution
		{D08FB637-BB2D-43E9-8DB0-6585F316AFC7} = {827E0CD3-B72D-47B6-A68D-7590B98EB39B}
		{2A946A93-5137-46C5-8F00-7DABBF1DB681} = {827E0CD3-B72D-47B6-A68D-7590B98EB39B}
		{A947D4AB-E1A0-47F0-BC05-813080E220EF} = {827E0CD3-B72D-47B6-A68D-7590B98EB39B}
		{2D1E887A-2A2A-4757-80B9-16ADC6162185} = {827E0CD3-B72D-47B6-A68D-7590B98EB39B}
		{D1968681-8FB3-4AB5-94A4-4F9A9D298C22} = {0AB3BF05-4346-4AA6-1389-037BE0695223}
		{0B2429B0-DEDB-4FCA-8760-916D02026487} = {827E0CD3-B72D-47B6-A68D-7590B98EB39B}
		{4B2EC4BE-91B3-4883-B743-45284EB511CC} = {827E0CD3-B72D-47B6-A68D-7590B98EB39B}
		{A699E166-B288-4F7C-9AE5-A96EB4DFAD0F} = {827E0CD3-B72D-47B6-A68D-7590B98EB39B}
		{B80B2903-F5FE-4CDB-AAD3-DD459CCA9229} = {827E0CD3-B72D-47B6-A68D-7590B98EB39B}
	EndGlobalSection
	GlobalSection(ExtensibilityGlobals) = postSolution
		SolutionGuid = {0727888A-7640-4FD1-B44C-9D7F8954B349}
	EndGlobalSection
EndGlobal
